
Microsoft Visual Studio Solution File, Format Version 12.00
# Visual Studio Version 16
VisualStudioVersion = 16.0.31019.35
MinimumVisualStudioVersion = 10.0.40219.1
Project("{FAE04EC0-301F-11D3-BF4B-00C04F79EFBC}") = "SkylineUploaderDomain.DataModel", "SkylineUploaderDomain.DataModel.csproj", "{B2A139FD-F737-4ACA-AD01-7EE79D008EED}"
EndProject
Global
	GlobalSection(SolutionConfigurationPlatforms) = preSolution
		Debug|Any CPU = Debug|Any CPU
		Release|Any CPU = Release|Any CPU
	EndGlobalSection
	GlobalSection(ProjectConfigurationPlatforms) = postSolution
		{B2A139FD-F737-4ACA-AD01-7EE79D008EED}.Debug|Any CPU.ActiveCfg = Debug|Any CPU
		{B2A139FD-F737-4ACA-AD01-7EE79D008EED}.Debug|Any CPU.Build.0 = Debug|Any CPU
		{B2A139FD-F737-4ACA-AD01-7EE79D008EED}.Release|Any CPU.ActiveCfg = Release|Any CPU
		{B2A139FD-F737-4ACA-AD01-7EE79D008EED}.Release|Any CPU.Build.0 = Release|Any CPU
	EndGlobalSection
	GlobalSection(SolutionProperties) = preSolution
		HideSolutionNode = FALSE
	EndGlobalSection
	GlobalSection(ExtensibilityGlobals) = postSolution
		SolutionGuid = {AA1099A0-7ACD-405C-A3FE-2BB30ED4DCB8}
	EndGlobalSection
EndGlobal
